// !$*UTF8*$!
{
	archiveVersion = 1;
	classes = {
	};
	objectVersion = 56;
	objects = {

/* Begin PBXBuildFile section */
		S01 /* EnviroMapApp.swift in Sources */ = {isa = PBXBuildFile; fileRef = F01 /* EnviroMapApp.swift */; };
		S02 /* RootView.swift in Sources */ = {isa = PBXBuildFile; fileRef = F02 /* RootView.swift */; };
		S03 /* MainHubView.swift in Sources */ = {isa = PBXBuildFile; fileRef = F03 /* MainHubView.swift */; };
		S04 /* SettingsView.swift in Sources */ = {isa = PBXBuildFile; fileRef = F04 /* SettingsView.swift */; };
		S05 /* OnboardingView.swift in Sources */ = {isa = PBXBuildFile; fileRef = F05 /* OnboardingView.swift */; };
		S06 /* AppTheme.swift in Sources */ = {isa = PBXBuildFile; fileRef = F06 /* AppTheme.swift */; };
		S07 /* EnviroMapLogo.swift in Sources */ = {isa = PBXBuildFile; fileRef = F07 /* EnviroMapLogo.swift */; };
		S08 /* RoomPlanHubView.swift in Sources */ = {isa = PBXBuildFile; fileRef = F08 /* RoomPlanHubView.swift */; };
		S09 /* RoomPlannerView.swift in Sources */ = {isa = PBXBuildFile; fileRef = F09 /* RoomPlannerView.swift */; };
		S10 /* RulerToolView.swift in Sources */ = {isa = PBXBuildFile; fileRef = F10 /* RulerToolView.swift */; };
		S11 /* LevelToolView.swift in Sources */ = {isa = PBXBuildFile; fileRef = F11 /* LevelToolView.swift */; };
		S12 /* AreaToolView.swift in Sources */ = {isa = PBXBuildFile; fileRef = F12 /* AreaToolView.swift */; };
		S13 /* FloorPlanView.swift in Sources */ = {isa = PBXBuildFile; fileRef = F13 /* FloorPlanView.swift */; };
		S14 /* ImageTo3DView.swift in Sources */ = {isa = PBXBuildFile; fileRef = F14 /* ImageTo3DView.swift */; };
		S15 /* TextTo3DView.swift in Sources */ = {isa = PBXBuildFile; fileRef = F15 /* TextTo3DView.swift */; };
		S16 /* RoomCaptureModel.swift in Sources */ = {isa = PBXBuildFile; fileRef = F16 /* RoomCaptureModel.swift */; };
		S17 /* RoomCaptureRepresentable.swift in Sources */ = {isa = PBXBuildFile; fileRef = F17 /* RoomCaptureRepresentable.swift */; };
		S18 /* ScanFlowView.swift in Sources */ = {isa = PBXBuildFile; fileRef = F18 /* ScanFlowView.swift */; };
		S19 /* DenseMeshCollector.swift in Sources */ = {isa = PBXBuildFile; fileRef = F19 /* DenseMeshCollector.swift */; };
		S20 /* FullEnvironmentScanView.swift in Sources */ = {isa = PBXBuildFile; fileRef = F20 /* FullEnvironmentScanView.swift */; };
		S21 /* PhotoTexturedMeshBuilder.swift in Sources */ = {isa = PBXBuildFile; fileRef = F21 /* PhotoTexturedMeshBuilder.swift */; };
		S22 /* RoomSession.swift in Sources */ = {isa = PBXBuildFile; fileRef = F22 /* RoomSession.swift */; };
		S23 /* SessionStore.swift in Sources */ = {isa = PBXBuildFile; fileRef = F23 /* SessionStore.swift */; };
		S24 /* LibraryView.swift in Sources */ = {isa = PBXBuildFile; fileRef = F24 /* LibraryView.swift */; };
		S25 /* RoomViewerView.swift in Sources */ = {isa = PBXBuildFile; fileRef = F25 /* RoomViewerView.swift */; };
		S26 /* ARWalkView.swift in Sources */ = {isa = PBXBuildFile; fileRef = F26 /* ARWalkView.swift */; };
		ASETB /* Assets.xcassets in Resources */ = {isa = PBXBuildFile; fileRef = ASET /* Assets.xcassets */; };
		FR01 /* RoomPlan.framework in Frameworks */ = {isa = PBXBuildFile; fileRef = FRR1 /* RoomPlan.framework */; };
		FR02 /* RealityKit.framework in Frameworks */ = {isa = PBXBuildFile; fileRef = FRR2 /* RealityKit.framework */; };
		FR03 /* ARKit.framework in Frameworks */ = {isa = PBXBuildFile; fileRef = FRR3 /* ARKit.framework */; };
		FR04 /* CoreMotion.framework in Frameworks */ = {isa = PBXBuildFile; fileRef = FRR4 /* CoreMotion.framework */; };
		FR05 /* SceneKit.framework in Frameworks */ = {isa = PBXBuildFile; fileRef = FRR5 /* SceneKit.framework */; };
/* End PBXBuildFile section */

/* Begin PBXFileReference section */
		F01 /* EnviroMapApp.swift */ = {isa = PBXFileReference; lastKnownFileType = sourcecode.swift; path = "EnviroMapApp.swift"; sourceTree = "<group>"; };
		F02 /* RootView.swift */ = {isa = PBXFileReference; lastKnownFileType = sourcecode.swift; path = "RootView.swift"; sourceTree = "<group>"; };
		F03 /* MainHubView.swift */ = {isa = PBXFileReference; lastKnownFileType = sourcecode.swift; path = "MainHubView.swift"; sourceTree = "<group>"; };
		F04 /* SettingsView.swift */ = {isa = PBXFileReference; lastKnownFileType = sourcecode.swift; path = "SettingsView.swift"; sourceTree = "<group>"; };
		F05 /* OnboardingView.swift */ = {isa = PBXFileReference; lastKnownFileType = sourcecode.swift; path = "OnboardingView.swift"; sourceTree = "<group>"; };
		F06 /* AppTheme.swift */ = {isa = PBXFileReference; lastKnownFileType = sourcecode.swift; path = "AppTheme.swift"; sourceTree = "<group>"; };
		F07 /* EnviroMapLogo.swift */ = {isa = PBXFileReference; lastKnownFileType = sourcecode.swift; path = "EnviroMapLogo.swift"; sourceTree = "<group>"; };
		F08 /* RoomPlanHubView.swift */ = {isa = PBXFileReference; lastKnownFileType = sourcecode.swift; path = "RoomPlanHubView.swift"; sourceTree = "<group>"; };
		F09 /* RoomPlannerView.swift */ = {isa = PBXFileReference; lastKnownFileType = sourcecode.swift; path = "RoomPlannerView.swift"; sourceTree = "<group>"; };
		F10 /* RulerToolView.swift */ = {isa = PBXFileReference; lastKnownFileType = sourcecode.swift; path = "RulerToolView.swift"; sourceTree = "<group>"; };
		F11 /* LevelToolView.swift */ = {isa = PBXFileReference; lastKnownFileType = sourcecode.swift; path = "LevelToolView.swift"; sourceTree = "<group>"; };
		F12 /* AreaToolView.swift */ = {isa = PBXFileReference; lastKnownFileType = sourcecode.swift; path = "AreaToolView.swift"; sourceTree = "<group>"; };
		F13 /* FloorPlanView.swift */ = {isa = PBXFileReference; lastKnownFileType = sourcecode.swift; path = "FloorPlanView.swift"; sourceTree = "<group>"; };
		F14 /* ImageTo3DView.swift */ = {isa = PBXFileReference; lastKnownFileType = sourcecode.swift; path = "ImageTo3DView.swift"; sourceTree = "<group>"; };
		F15 /* TextTo3DView.swift */ = {isa = PBXFileReference; lastKnownFileType = sourcecode.swift; path = "TextTo3DView.swift"; sourceTree = "<group>"; };
		F16 /* RoomCaptureModel.swift */ = {isa = PBXFileReference; lastKnownFileType = sourcecode.swift; path = "Capture/RoomCaptureModel.swift"; sourceTree = "<group>"; };
		F17 /* RoomCaptureRepresentable.swift */ = {isa = PBXFileReference; lastKnownFileType = sourcecode.swift; path = "Capture/RoomCaptureRepresentable.swift"; sourceTree = "<group>"; };
		F18 /* ScanFlowView.swift */ = {isa = PBXFileReference; lastKnownFileType = sourcecode.swift; path = "Capture/ScanFlowView.swift"; sourceTree = "<group>"; };
		F19 /* DenseMeshCollector.swift */ = {isa = PBXFileReference; lastKnownFileType = sourcecode.swift; path = "Capture/DenseMeshCollector.swift"; sourceTree = "<group>"; };
		F20 /* FullEnvironmentScanView.swift */ = {isa = PBXFileReference; lastKnownFileType = sourcecode.swift; path = "Capture/FullEnvironmentScanView.swift"; sourceTree = "<group>"; };
		F21 /* PhotoTexturedMeshBuilder.swift */ = {isa = PBXFileReference; lastKnownFileType = sourcecode.swift; path = "Capture/PhotoTexturedMeshBuilder.swift"; sourceTree = "<group>"; };
		F22 /* RoomSession.swift */ = {isa = PBXFileReference; lastKnownFileType = sourcecode.swift; path = "Models/RoomSession.swift"; sourceTree = "<group>"; };
		F23 /* SessionStore.swift */ = {isa = PBXFileReference; lastKnownFileType = sourcecode.swift; path = "Storage/SessionStore.swift"; sourceTree = "<group>"; };
		F24 /* LibraryView.swift */ = {isa = PBXFileReference; lastKnownFileType = sourcecode.swift; path = "Library/LibraryView.swift"; sourceTree = "<group>"; };
		F25 /* RoomViewerView.swift */ = {isa = PBXFileReference; lastKnownFileType = sourcecode.swift; path = "Viewer/RoomViewerView.swift"; sourceTree = "<group>"; };
		F26 /* ARWalkView.swift */ = {isa = PBXFileReference; lastKnownFileType = sourcecode.swift; path = "Viewer/ARWalkView.swift"; sourceTree = "<group>"; };
		ASET /* Assets.xcassets */ = {isa = PBXFileReference; lastKnownFileType = folder.assetcatalog; path = "Assets.xcassets"; sourceTree = "<group>"; };
		INF1 /* Info.plist */ = {isa = PBXFileReference; lastKnownFileType = text.plist.xml; path = "Info.plist"; sourceTree = "<group>"; };
		APP1 /* EnviroMap.app */ = {isa = PBXFileReference; explicitFileType = wrapper.application; includeInIndex = 0; path = "EnviroMap.app"; sourceTree = BUILT_PRODUCTS_DIR; };
		FRR1 /* RoomPlan.framework */ = {isa = PBXFileReference; lastKnownFileType = wrapper.framework; name = RoomPlan.framework; path = "System/Library/Frameworks/RoomPlan.framework"; sourceTree = SDKROOT; };
		FRR2 /* RealityKit.framework */ = {isa = PBXFileReference; lastKnownFileType = wrapper.framework; name = RealityKit.framework; path = "System/Library/Frameworks/RealityKit.framework"; sourceTree = SDKROOT; };
		FRR3 /* ARKit.framework */ = {isa = PBXFileReference; lastKnownFileType = wrapper.framework; name = ARKit.framework; path = "System/Library/Frameworks/ARKit.framework"; sourceTree = SDKROOT; };
		FRR4 /* CoreMotion.framework */ = {isa = PBXFileReference; lastKnownFileType = wrapper.framework; name = CoreMotion.framework; path = "System/Library/Frameworks/CoreMotion.framework"; sourceTree = SDKROOT; };
		FRR5 /* SceneKit.framework */ = {isa = PBXFileReference; lastKnownFileType = wrapper.framework; name = SceneKit.framework; path = "System/Library/Frameworks/SceneKit.framework"; sourceTree = SDKROOT; };
/* End PBXFileReference section */

/* Begin PBXFrameworksBuildPhase section */
		FWK1 /* Frameworks */ = {
			isa = PBXFrameworksBuildPhase;
			buildActionMask = 2147483647;
			files = (
				FR01 /* RoomPlan.framework in Frameworks */,
				FR02 /* RealityKit.framework in Frameworks */,
				FR03 /* ARKit.framework in Frameworks */,
				FR04 /* CoreMotion.framework in Frameworks */,
				FR05 /* SceneKit.framework in Frameworks */,
			);
			runOnlyForDeploymentPostprocessing = 0;
		};
/* End PBXFrameworksBuildPhase section */

/* Begin PBXGroup section */
		G00 = {
			isa = PBXGroup;
			children = (
				G01 /* EnviroMap */,
				G09 /* Frameworks */,
				G0A /* Products */,
			);
			sourceTree = "<group>";
		};
		G01 /* EnviroMap */ = {
			isa = PBXGroup;
			children = (
				F01 /* EnviroMapApp.swift */,
				F02 /* RootView.swift */,
				F03 /* MainHubView.swift */,
				F04 /* SettingsView.swift */,
				F05 /* OnboardingView.swift */,
				F06 /* AppTheme.swift */,
				F07 /* EnviroMapLogo.swift */,
				F08 /* RoomPlanHubView.swift */,
				F09 /* RoomPlannerView.swift */,
				F10 /* RulerToolView.swift */,
				F11 /* LevelToolView.swift */,
				F12 /* AreaToolView.swift */,
				F13 /* FloorPlanView.swift */,
				F14 /* ImageTo3DView.swift */,
				F15 /* TextTo3DView.swift */,
				F16 /* RoomCaptureModel.swift */,
				F17 /* RoomCaptureRepresentable.swift */,
				F18 /* ScanFlowView.swift */,
				F19 /* DenseMeshCollector.swift */,
				F20 /* FullEnvironmentScanView.swift */,
				F21 /* PhotoTexturedMeshBuilder.swift */,
				F22 /* RoomSession.swift */,
				F23 /* SessionStore.swift */,
				F24 /* LibraryView.swift */,
				F25 /* RoomViewerView.swift */,
				F26 /* ARWalkView.swift */,
				ASET /* Assets.xcassets */,
				INF1 /* Info.plist */,
			);
			path = "EnviroMap";
			sourceTree = "<group>";
		};
		G09 /* Frameworks */ = {
			isa = PBXGroup;
			children = (
				FRR1 /* RoomPlan.framework */,
				FRR2 /* RealityKit.framework */,
				FRR3 /* ARKit.framework */,
				FRR4 /* CoreMotion.framework */,
				FRR5 /* SceneKit.framework */,
			);
			name = Frameworks;
			sourceTree = "<group>";
		};
		G0A /* Products */ = {
			isa = PBXGroup;
			children = (
				APP1 /* EnviroMap.app */,
			);
			name = Products;
			sourceTree = "<group>";
		};
/* End PBXGroup section */

/* Begin PBXNativeTarget section */
		T01 /* EnviroMap */ = {
			isa = PBXNativeTarget;
			buildConfigurationList = TCL1 /* Build configuration list for PBXNativeTarget "EnviroMap" */;
			buildPhases = (
				SRC1 /* Sources */,
				FWK1 /* Frameworks */,
				RES1 /* Resources */,
			);
			buildRules = (
			);
			dependencies = (
			);
			name = EnviroMap;
			productName = EnviroMap;
			productReference = APP1 /* EnviroMap.app */;
			productType = "com.apple.product-type.application";
		};
/* End PBXNativeTarget section */

/* Begin PBXProject section */
		P01 /* Project object */ = {
			isa = PBXProject;
			attributes = {
				BuildIndependentTargetsInParallel = 1;
				LastSwiftUpdateCheck = 1500;
				LastUpgradeCheck = 1500;
			};
			buildConfigurationList = PCL1 /* Build configuration list for PBXProject "EnviroMap" */;
			compatibilityVersion = "Xcode 14.0";
			developmentRegion = en;
			hasScannedForEncodings = 0;
			knownRegions = (
				en,
				Base,
			);
			mainGroup = G00;
			productRefGroup = G0A /* Products */;
			projectDirPath = "";
			projectRoot = "";
			targets = (
				T01 /* EnviroMap */,
			);
		};
/* End PBXProject section */

/* Begin PBXResourcesBuildPhase section */
		RES1 /* Resources */ = {
			isa = PBXResourcesBuildPhase;
			buildActionMask = 2147483647;
			files = (
				ASETB /* Assets.xcassets in Resources */,
			);
			runOnlyForDeploymentPostprocessing = 0;
		};
/* End PBXResourcesBuildPhase section */

/* Begin PBXSourcesBuildPhase section */
		SRC1 /* Sources */ = {
			isa = PBXSourcesBuildPhase;
			buildActionMask = 2147483647;
			files = (
				S01 /* EnviroMapApp.swift in Sources */,
				S02 /* RootView.swift in Sources */,
				S03 /* MainHubView.swift in Sources */,
				S04 /* SettingsView.swift in Sources */,
				S05 /* OnboardingView.swift in Sources */,
				S06 /* AppTheme.swift in Sources */,
				S07 /* EnviroMapLogo.swift in Sources */,
				S08 /* RoomPlanHubView.swift in Sources */,
				S09 /* RoomPlannerView.swift in Sources */,
				S10 /* RulerToolView.swift in Sources */,
				S11 /* LevelToolView.swift in Sources */,
				S12 /* AreaToolView.swift in Sources */,
				S13 /* FloorPlanView.swift in Sources */,
				S14 /* ImageTo3DView.swift in Sources */,
				S15 /* TextTo3DView.swift in Sources */,
				S16 /* RoomCaptureModel.swift in Sources */,
				S17 /* RoomCaptureRepresentable.swift in Sources */,
				S18 /* ScanFlowView.swift in Sources */,
				S19 /* DenseMeshCollector.swift in Sources */,
				S20 /* FullEnvironmentScanView.swift in Sources */,
				S21 /* PhotoTexturedMeshBuilder.swift in Sources */,
				S22 /* RoomSession.swift in Sources */,
				S23 /* SessionStore.swift in Sources */,
				S24 /* LibraryView.swift in Sources */,
				S25 /* RoomViewerView.swift in Sources */,
				S26 /* ARWalkView.swift in Sources */,
			);
			runOnlyForDeploymentPostprocessing = 0;
		}};
/* End PBXSourcesBuildPhase section */

/* Begin XCBuildConfiguration section */
		DBG1 /* Debug */ = {
			isa = XCBuildConfiguration;
			buildSettings = {
				ALWAYS_SEARCH_USER_PATHS = NO;
				CLANG_ENABLE_MODULES = YES;
				CLANG_ENABLE_OBJC_ARC = YES;
				COPY_PHASE_STRIP = NO;
				DEBUG_INFORMATION_FORMAT = dwarf;
				ENABLE_TESTABILITY = YES;
				GCC_DYNAMIC_NO_PIC = NO;
				IPHONEOS_DEPLOYMENT_TARGET = 17.0;
				ONLY_ACTIVE_ARCH = YES;
				SDKROOT = iphoneos;
				SWIFT_ACTIVE_COMPILATION_CONDITIONS = DEBUG;
				SWIFT_OPTIMIZATION_LEVEL = "-Onone";
			};
			name = Debug;
		};
		REL1 /* Release */ = {
			isa = XCBuildConfiguration;
			buildSettings = {
				ALWAYS_SEARCH_USER_PATHS = NO;
				CLANG_ENABLE_MODULES = YES;
				CLANG_ENABLE_OBJC_ARC = YES;
				COPY_PHASE_STRIP = NO;
				DEBUG_INFORMATION_FORMAT = "dwarf-with-dsym";
				IPHONEOS_DEPLOYMENT_TARGET = 17.0;
				SDKROOT = iphoneos;
				SWIFT_COMPILATION_MODE = wholemodule;
				VALIDATE_PRODUCT = YES;
			};
			name = Release;
		};
		TDG1 /* Debug */ = {
			isa = XCBuildConfiguration;
			buildSettings = {
				ASSETCATALOG_COMPILER_APPICON_NAME = AppIcon;
				CODE_SIGN_STYLE = Automatic;
				CURRENT_PROJECT_VERSION = 1;
				DEVELOPMENT_TEAM = "";
				GENERATE_INFOPLIST_FILE = NO;
				INFOPLIST_FILE = EnviroMap/Info.plist;
				LD_RUNPATH_SEARCH_PATHS = (
					"$(inherited)",
					"@executable_path/Frameworks",
				);
				MARKETING_VERSION = 1.0;
				PRODUCT_BUNDLE_IDENTIFIER = com.enviromap.app;
				PRODUCT_NAME = "$(TARGET_NAME)";
				SWIFT_EMIT_LOC_STRINGS = YES;
				SWIFT_VERSION = 5.0;
				TARGETED_DEVICE_FAMILY = "1,2";
			};
			name = Debug;
		};
		TRL1 /* Release */ = {
			isa = XCBuildConfiguration;
			buildSettings = {
				ASSETCATALOG_COMPILER_APPICON_NAME = AppIcon;
				CODE_SIGN_STYLE = Automatic;
				CURRENT_PROJECT_VERSION = 1;
				DEVELOPMENT_TEAM = "";
				GENERATE_INFOPLIST_FILE = NO;
				INFOPLIST_FILE = EnviroMap/Info.plist;
				LD_RUNPATH_SEARCH_PATHS = (
					"$(inherited)",
					"@executable_path/Frameworks",
				);
				MARKETING_VERSION = 1.0;
				PRODUCT_BUNDLE_IDENTIFIER = com.enviromap.app;
				PRODUCT_NAME = "$(TARGET_NAME)";
				SWIFT_EMIT_LOC_STRINGS = YES;
				SWIFT_VERSION = 5.0;
				TARGETED_DEVICE_FAMILY = "1,2";
			};
			name = Release;
		};
/* End XCBuildConfiguration section */

/* Begin XCConfigurationList section */
		PCL1 /* Build configuration list for PBXProject "EnviroMap" */ = {
			isa = XCConfigurationList;
			buildConfigurations = (
				DBG1 /* Debug */,
				REL1 /* Release */,
			);
			defaultConfigurationIsVisible = 0;
			defaultConfigurationName = Release;
		};
		TCL1 /* Build configuration list for PBXNativeTarget "EnviroMap" */ = {
			isa = XCConfigurationList;
			buildConfigurations = (
				TDG1 /* Debug */,
				TRL1 /* Release */,
			);
			defaultConfigurationIsVisible = 0;
			defaultConfigurationName = Release;
		};
/* End XCConfigurationList section */
	};
	rootObject = P01 /* Project object */;
}
